
Microsoft Visual Studio Solution File, Format Version 12.00
# Visual Studio Version 17
VisualStudioVersion = 17.6.33717.318
MinimumVisualStudioVersion = 10.0.40219.1
Project("{8BC9CEB8-8B4A-11D0-8D11-00A0C91BC942}") = "OpenAIChat", "OpenAIChat.vcxproj", "{5DD240F0-DC8B-4BE1-A916-A36B6FD9ACFA}"
EndProject
Global
	GlobalSection(SolutionConfigurationPlatforms) = preSolution
		Debug|x64 = Debug|x64
		Debug|x86 = Debug|x86
		Release|x64 = Release|x64
		Release|x86 = Release|x86
	EndGlobalSection
	GlobalSection(ProjectConfigurationPlatforms) = postSolution
		{5DD240F0-DC8B-4BE1-A916-A36B6FD9ACFA}.Debug|x64.ActiveCfg = Debug|x64
		{5DD240F0-DC8B-4BE1-A916-A36B6FD9ACFA}.Debug|x64.Build.0 = Debug|x64
		{5DD240F0-DC8B-4BE1-A916-A36B6FD9ACFA}.Debug|x86.ActiveCfg = Debug|Win32
		{5DD240F0-DC8B-4BE1-A916-A36B6FD9ACFA}.Debug|x86.Build.0 = Debug|Win32
		{5DD240F0-DC8B-4BE1-A916-A36B6FD9ACFA}.Release|x64.ActiveCfg = Release|x64
		{5DD240F0-DC8B-4BE1-A916-A36B6FD9ACFA}.Release|x64.Build.0 = Release|x64
		{5DD240F0-DC8B-4BE1-A916-A36B6FD9ACFA}.Release|x86.ActiveCfg = Release|Win32
		{5DD240F0-DC8B-4BE1-A916-A36B6FD9ACFA}.Release|x86.Build.0 = Release|Win32
	EndGlobalSection
	GlobalSection(SolutionProperties) = preSolution
		HideSolutionNode = FALSE
	EndGlobalSection
	GlobalSection(ExtensibilityGlobals) = postSolution
		SolutionGuid = {565045F9-77FD-4113-B816-E4A85C8204E8}
	EndGlobalSection
EndGlobal
